
Microsoft Visual Studio Solution File, Format Version 12.00
# Visual Studio Version 17
VisualStudioVersion = 17.5.33516.290
MinimumVisualStudioVersion = 10.0.40219.1
Project("{2150E333-8FDC-42A3-9474-1A3956D46DE8}") = "ApiConsume", "ApiConsume", "{2732C1AB-5760-42ED-9118-A85BAD521247}"
EndProject
Project("{2150E333-8FDC-42A3-9474-1A3956D46DE8}") = "Frontend", "Frontend", "{0AA6E119-3858-4430-AD6D-9FB16F22D904}"
EndProject
Project("{2150E333-8FDC-42A3-9474-1A3956D46DE8}") = "ToDoList", "ToDoList", "{2D661D3D-3A01-4109-98E3-DB233E7DBB0A}"
EndProject
Project("{FAE04EC0-301F-11D3-BF4B-00C04F79EFBC}") = "HotelProject.WebApi", "ApiConsume\HotelProject.WebApi\HotelProject.WebApi.csproj", "{A1F81930-7222-4FC1-953F-D6678C672BF4}"
EndProject
Project("{FAE04EC0-301F-11D3-BF4B-00C04F79EFBC}") = "HotelProject.EntityLayer", "ApiConsume\HotelProject.EntityLayer\HotelProject.EntityLayer.csproj", "{D229979C-1850-45C6-BB00-90CCA06DD53D}"
EndProject
Project("{FAE04EC0-301F-11D3-BF4B-00C04F79EFBC}") = "HotelProject.DataAccessLayer", "ApiConsume\HotelProject.DataAccessLayer\HotelProject.DataAccessLayer.csproj", "{4FBEC97C-B1AB-4153-BA19-38C10CE655A7}"
EndProject
Project("{FAE04EC0-301F-11D3-BF4B-00C04F79EFBC}") = "HotelProject.BusinessLayer", "HotelProject.BusinessLayer\HotelProject.BusinessLayer.csproj", "{C850FC7C-52A8-477F-B12B-17E5BC4A4E62}"
EndProject
Project("{FAE04EC0-301F-11D3-BF4B-00C04F79EFBC}") = "HotelProject.DtoLayer", "HotelProject.DtoLayer\HotelProject.DtoLayer.csproj", "{08B22052-1A27-424C-9AB0-A3ED70E0965D}"
EndProject
Project("{FAE04EC0-301F-11D3-BF4B-00C04F79EFBC}") = "HotelProject.WebUI", "Frontend\HotelProject.WebUI\HotelProject.WebUI.csproj", "{C3082710-283C-43D6-9EF0-E225CA73ABBA}"
EndProject
Global
	GlobalSection(SolutionConfigurationPlatforms) = preSolution
		Debug|Any CPU = Debug|Any CPU
		Release|Any CPU = Release|Any CPU
	EndGlobalSection
	GlobalSection(ProjectConfigurationPlatforms) = postSolution
		{A1F81930-7222-4FC1-953F-D6678C672BF4}.Debug|Any CPU.ActiveCfg = Debug|Any CPU
		{A1F81930-7222-4FC1-953F-D6678C672BF4}.Debug|Any CPU.Build.0 = Debug|Any CPU
		{A1F81930-7222-4FC1-953F-D6678C672BF4}.Release|Any CPU.ActiveCfg = Release|Any CPU
		{A1F81930-7222-4FC1-953F-D6678C672BF4}.Release|Any CPU.Build.0 = Release|Any CPU
		{D229979C-1850-45C6-BB00-90CCA06DD53D}.Debug|Any CPU.ActiveCfg = Debug|Any CPU
		{D229979C-1850-45C6-BB00-90CCA06DD53D}.Debug|Any CPU.Build.0 = Debug|Any CPU
		{D229979C-1850-45C6-BB00-90CCA06DD53D}.Release|Any CPU.ActiveCfg = Release|Any CPU
		{D229979C-1850-45C6-BB00-90CCA06DD53D}.Release|Any CPU.Build.0 = Release|Any CPU
		{4FBEC97C-B1AB-4153-BA19-38C10CE655A7}.Debug|Any CPU.ActiveCfg = Debug|Any CPU
		{4FBEC97C-B1AB-4153-BA19-38C10CE655A7}.Debug|Any CPU.Build.0 = Debug|Any CPU
		{4FBEC97C-B1AB-4153-BA19-38C10CE655A7}.Release|Any CPU.ActiveCfg = Release|Any CPU
		{4FBEC97C-B1AB-4153-BA19-38C10CE655A7}.Release|Any CPU.Build.0 = Release|Any CPU
		{C850FC7C-52A8-477F-B12B-17E5BC4A4E62}.Debug|Any CPU.ActiveCfg = Debug|Any CPU
		{C850FC7C-52A8-477F-B12B-17E5BC4A4E62}.Debug|Any CPU.Build.0 = Debug|Any CPU
		{C850FC7C-52A8-477F-B12B-17E5BC4A4E62}.Release|Any CPU.ActiveCfg = Release|Any CPU
		{C850FC7C-52A8-477F-B12B-17E5BC4A4E62}.Release|Any CPU.Build.0 = Release|Any CPU
		{08B22052-1A27-424C-9AB0-A3ED70E0965D}.Debug|Any CPU.ActiveCfg = Debug|Any CPU
		{08B22052-1A27-424C-9AB0-A3ED70E0965D}.Debug|Any CPU.Build.0 = Debug|Any CPU
		{08B22052-1A27-424C-9AB0-A3ED70E0965D}.Release|Any CPU.ActiveCfg = Release|Any CPU
		{08B22052-1A27-424C-9AB0-A3ED70E0965D}.Release|Any CPU.Build.0 = Release|Any CPU
		{C3082710-283C-43D6-9EF0-E225CA73ABBA}.Debug|Any CPU.ActiveCfg = Debug|Any CPU
		{C3082710-283C-43D6-9EF0-E225CA73ABBA}.Debug|Any CPU.Build.0 = Debug|Any CPU
		{C3082710-283C-43D6-9EF0-E225CA73ABBA}.Release|Any CPU.ActiveCfg = Release|Any CPU
		{C3082710-283C-43D6-9EF0-E225CA73ABBA}.Release|Any CPU.Build.0 = Release|Any CPU
	EndGlobalSection
	GlobalSection(SolutionProperties) = preSolution
		HideSolutionNode = FALSE
	EndGlobalSection
	GlobalSection(NestedProjects) = preSolution
		{A1F81930-7222-4FC1-953F-D6678C672BF4} = {2732C1AB-5760-42ED-9118-A85BAD521247}
		{D229979C-1850-45C6-BB00-90CCA06DD53D} = {2732C1AB-5760-42ED-9118-A85BAD521247}
		{4FBEC97C-B1AB-4153-BA19-38C10CE655A7} = {2732C1AB-5760-42ED-9118-A85BAD521247}
		{C850FC7C-52A8-477F-B12B-17E5BC4A4E62} = {2732C1AB-5760-42ED-9118-A85BAD521247}
		{08B22052-1A27-424C-9AB0-A3ED70E0965D} = {2732C1AB-5760-42ED-9118-A85BAD521247}
		{C3082710-283C-43D6-9EF0-E225CA73ABBA} = {0AA6E119-3858-4430-AD6D-9FB16F22D904}
	EndGlobalSection
	GlobalSection(ExtensibilityGlobals) = postSolution
		SolutionGuid = {6B25F170-7628-4499-8BE5-EE814E25FF5B}
	EndGlobalSection
EndGlobal
